Microsoft Visual Studio Solution File, Format Version 12.00
# Visual Studio Version 17
VisualStudioVersion = 17.5.2.0
MinimumVisualStudioVersion = 10.0.40219.1
Project("{FAE04EC0-301F-11D3-BF4B-00C04F79EFBC}") = "RedisCacheSystem", "RedisCacheSystem.csproj", "{93FAF946-5BEE-AC3F-339A-9EC0FA4A3105}"
EndProject
Global
	GlobalSection(SolutionConfigurationPlatforms) = preSolution
		Debug|Any CPU = Debug|Any CPU
		Release|Any CPU = Release|Any CPU
	EndGlobalSection
	GlobalSection(ProjectConfigurationPlatforms) = postSolution
		{93FAF946-5BEE-AC3F-339A-9EC0FA4A3105}.Debug|Any CPU.ActiveCfg = Debug|Any CPU
		{93FAF946-5BEE-AC3F-339A-9EC0FA4A3105}.Debug|Any CPU.Build.0 = Debug|Any CPU
		{93FAF946-5BEE-AC3F-339A-9EC0FA4A3105}.Release|Any CPU.ActiveCfg = Release|Any CPU
		{93FAF946-5BEE-AC3F-339A-9EC0FA4A3105}.Release|Any CPU.Build.0 = Release|Any CPU
	EndGlobalSection
	GlobalSection(SolutionProperties) = preSolution
		HideSolutionNode = FALSE
	EndGlobalSection
	GlobalSection(ExtensibilityGlobals) = postSolution
		SolutionGuid = {8732C5F8-B113-4F65-93B7-B9DDDA9712A3}
	EndGlobalSection
EndGlobal
